
Microsoft Visual Studio Solution File, Format Version 12.00
Project("{FAE04EC0-301F-11D3-BF4B-00C04F79EFBC}") = "WebAppOSLERLib.BO", "WebAppOSLERLib.BO\WebAppOSLERLib.BO.csproj", "{370BA484-FBFD-41ED-8255-B117298709E2}"
EndProject
Project("{FAE04EC0-301F-11D3-BF4B-00C04F79EFBC}") = "WebAppOSLERLib.CTRL", "WebAppOSLERLib.CTRL\WebAppOSLERLib.CTRL.csproj", "{ECB722F6-615B-4E43-9CA5-39D258E77648}"
EndProject
Project("{FAE04EC0-301F-11D3-BF4B-00C04F79EFBC}") = "WebAppOSLERLib.DB", "WebAppOSLERLib.DB\WebAppOSLERLib.DB.csproj", "{73CB4C29-C41B-4DE8-BA70-81DF26D04E68}"
EndProject
Project("{FAE04EC0-301F-11D3-BF4B-00C04F79EFBC}") = "WebAppOSLERLib.PlayLib", "WebAppOSLERLib.PlayLib\WebAppOSLERLib.PlayLib.csproj", "{062F29F6-DA55-47BB-B78C-931932A7FE0B}"
EndProject
Project("{FAE04EC0-301F-11D3-BF4B-00C04F79EFBC}") = "WebAppOSLERLib.Tools", "WebAppOSLERLib.Tools\WebAppOSLERLib.Tools.csproj", "{F831CC9B-EDA3-4D84-AD48-ECA20BEB7015}"
EndProject
Project("{FAE04EC0-301F-11D3-BF4B-00C04F79EFBC}") = "WebAppOSLERLib.UnitTest", "WebAppOSLERLib.UnitTest\WebAppOSLERLib.UnitTest.csproj", "{6F2F94EA-DED9-4AB3-B976-CE88352A8DE6}"
EndProject
Project("{FAE04EC0-301F-11D3-BF4B-00C04F79EFBC}") = "WebAppOSLERLib.DAL", "WebAppOSLERLib.DAL\WebAppOSLERLib.DAL.csproj", "{31001B99-1A92-448B-AE1F-5A5091B0EC12}"
EndProject
Project("{FAE04EC0-301F-11D3-BF4B-00C04F79EFBC}") = "WebAppOSLERLib.Consts", "WebAppOSLERLib.Consts\WebAppOSLERLib.Consts.csproj", "{0C7ADB3D-F4D3-46D3-AFA3-7430BF3E21D8}"
EndProject
Global
	GlobalSection(SolutionConfigurationPlatforms) = preSolution
		Debug|Any CPU = Debug|Any CPU
		Release|Any CPU = Release|Any CPU
	EndGlobalSection
	GlobalSection(ProjectConfigurationPlatforms) = postSolution
		{370BA484-FBFD-41ED-8255-B117298709E2}.Debug|Any CPU.ActiveCfg = Debug|Any CPU
		{370BA484-FBFD-41ED-8255-B117298709E2}.Debug|Any CPU.Build.0 = Debug|Any CPU
		{370BA484-FBFD-41ED-8255-B117298709E2}.Release|Any CPU.ActiveCfg = Release|Any CPU
		{370BA484-FBFD-41ED-8255-B117298709E2}.Release|Any CPU.Build.0 = Release|Any CPU
		{ECB722F6-615B-4E43-9CA5-39D258E77648}.Debug|Any CPU.ActiveCfg = Debug|Any CPU
		{ECB722F6-615B-4E43-9CA5-39D258E77648}.Debug|Any CPU.Build.0 = Debug|Any CPU
		{ECB722F6-615B-4E43-9CA5-39D258E77648}.Release|Any CPU.ActiveCfg = Release|Any CPU
		{ECB722F6-615B-4E43-9CA5-39D258E77648}.Release|Any CPU.Build.0 = Release|Any CPU
		{73CB4C29-C41B-4DE8-BA70-81DF26D04E68}.Debug|Any CPU.ActiveCfg = Debug|Any CPU
		{73CB4C29-C41B-4DE8-BA70-81DF26D04E68}.Debug|Any CPU.Build.0 = Debug|Any CPU
		{73CB4C29-C41B-4DE8-BA70-81DF26D04E68}.Release|Any CPU.ActiveCfg = Release|Any CPU
		{73CB4C29-C41B-4DE8-BA70-81DF26D04E68}.Release|Any CPU.Build.0 = Release|Any CPU
		{062F29F6-DA55-47BB-B78C-931932A7FE0B}.Debug|Any CPU.ActiveCfg = Debug|Any CPU
		{062F29F6-DA55-47BB-B78C-931932A7FE0B}.Debug|Any CPU.Build.0 = Debug|Any CPU
		{062F29F6-DA55-47BB-B78C-931932A7FE0B}.Release|Any CPU.ActiveCfg = Release|Any CPU
		{062F29F6-DA55-47BB-B78C-931932A7FE0B}.Release|Any CPU.Build.0 = Release|Any CPU
		{F831CC9B-EDA3-4D84-AD48-ECA20BEB7015}.Debug|Any CPU.ActiveCfg = Debug|Any CPU
		{F831CC9B-EDA3-4D84-AD48-ECA20BEB7015}.Debug|Any CPU.Build.0 = Debug|Any CPU
		{F831CC9B-EDA3-4D84-AD48-ECA20BEB7015}.Release|Any CPU.ActiveCfg = Release|Any CPU
		{F831CC9B-EDA3-4D84-AD48-ECA20BEB7015}.Release|Any CPU.Build.0 = Release|Any CPU
		{6F2F94EA-DED9-4AB3-B976-CE88352A8DE6}.Debug|Any CPU.ActiveCfg = Debug|Any CPU
		{6F2F94EA-DED9-4AB3-B976-CE88352A8DE6}.Debug|Any CPU.Build.0 = Debug|Any CPU
		{6F2F94EA-DED9-4AB3-B976-CE88352A8DE6}.Release|Any CPU.ActiveCfg = Release|Any CPU
		{6F2F94EA-DED9-4AB3-B976-CE88352A8DE6}.Release|Any CPU.Build.0 = Release|Any CPU
		{31001B99-1A92-448B-AE1F-5A5091B0EC12}.Debug|Any CPU.ActiveCfg = Debug|Any CPU
		{31001B99-1A92-448B-AE1F-5A5091B0EC12}.Debug|Any CPU.Build.0 = Debug|Any CPU
		{31001B99-1A92-448B-AE1F-5A5091B0EC12}.Release|Any CPU.ActiveCfg = Release|Any CPU
		{31001B99-1A92-448B-AE1F-5A5091B0EC12}.Release|Any CPU.Build.0 = Release|Any CPU
		{0C7ADB3D-F4D3-46D3-AFA3-7430BF3E21D8}.Debug|Any CPU.ActiveCfg = Debug|Any CPU
		{0C7ADB3D-F4D3-46D3-AFA3-7430BF3E21D8}.Debug|Any CPU.Build.0 = Debug|Any CPU
		{0C7ADB3D-F4D3-46D3-AFA3-7430BF3E21D8}.Release|Any CPU.ActiveCfg = Release|Any CPU
		{0C7ADB3D-F4D3-46D3-AFA3-7430BF3E21D8}.Release|Any CPU.Build.0 = Release|Any CPU
	EndGlobalSection
EndGlobal
